
Microsoft Visual Studio Solution File, Format Version 12.00
# Visual Studio 2013
VisualStudioVersion = 12.0.21005.1
MinimumVisualStudioVersion = 10.0.40219.1
Project("{FAE04EC0-301F-11D3-BF4B-00C04F79EFBC}") = "Pluz", "俄罗斯方块\Pluz.csproj", "{4A8B3530-EA89-4052-912A-6FD0C475A2A5}"
EndProject
Global
	GlobalSection(SolutionConfigurationPlatforms) = preSolution
		Debug|Any CPU = Debug|Any CPU
		Release|Any CPU = Release|Any CPU
	EndGlobalSection
	GlobalSection(ProjectConfigurationPlatforms) = postSolution
		{4A8B3530-EA89-4052-912A-6FD0C475A2A5}.Debug|Any CPU.ActiveCfg = Debug|Any CPU
		{4A8B3530-EA89-4052-912A-6FD0C475A2A5}.Debug|Any CPU.Build.0 = Debug|Any CPU
		{4A8B3530-EA89-4052-912A-6FD0C475A2A5}.Release|Any CPU.ActiveCfg = Release|Any CPU
		{4A8B3530-EA89-4052-912A-6FD0C475A2A5}.Release|Any CPU.Build.0 = Release|Any CPU
	EndGlobalSection
	GlobalSection(SolutionProperties) = preSolution
		HideSolutionNode = FALSE
	EndGlobalSection
EndGlobal
